<?xml version="1.0" encoding="utf-8"?>
<Project ToolsVersion="4.0" xmlns="http://schemas.microsoft.com/developer/msbuild/2003">
  <ItemGroup>
    <Filter Include="File di origine">
      <UniqueIdentifier>{4FC737F1-C7A5-4376-A066-2A32D752A2FF}</UniqueIdentifier>
      <Extensions>cpp;c;cc;cxx;c++;cppm;ixx;def;odl;idl;hpj;bat;asm;asmx</Extensions>
    </Filter>
    <Filter Include="File di intestazione">
      <UniqueIdentifier>{93995380-89BD-4b04-88EB-625FBE52EBFB}</UniqueIdentifier>
      <Extensions>h;hh;hpp;hxx;h++;hm;inl;inc;ipp;xsd</Extensions>
    </Filter>
    <Filter Include="File di risorse">
      <UniqueIdentifier>{67DA6AB6-F800-4c08-8B7A-83BB121AAD01}</UniqueIdentifier>
      <Extensions>rc;ico;cur;bmp;dlg;rc2;rct;bin;rgs;gif;jpg;jpeg;jpe;resx;tiff;tif;png;wav;mfcribbon-ms</Extensions>
    </Filter>
  </ItemGroup>
  <ItemGroup>
    <ClInclude Include="include\Lume\Actor.h">
      <Filter>File di intestazione</Filter>
    </ClInclude>
    <ClInclude Include="include\Lume\CollisionListener.h">
      <Filter>File di intestazione</Filter>
    </ClInclude>
    <ClInclude Include="include\Lume\CollisionSystem.h">
      <Filter>File di intestazione</Filter>
    </ClInclude>
    <ClInclude Include="include\Lume\Color.h">
      <Filter>File di intestazione</Filter>
    </ClInclude>
    <ClInclude Include="include\Lume\Enums.h">
      <Filter>File di intestazione</Filter>
    </ClInclude>
    <ClInclude Include="include\Lume\Export.h">
      <Filter>File di intestazione</Filter>
    </ClInclude>
    <ClInclude Include="include\Lume\HitInfo.h">
      <Filter>File di intestazione</Filter>
    </ClInclude>
    <ClInclude Include="include\Lume\Input.h">
      <Filter>File di intestazione</Filter>
    </ClInclude>
    <ClInclude Include="include\Lume\IRenderable.h">
      <Filter>File di intestazione</Filter>
    </ClInclude>
    <ClInclude Include="include\Lume\IResource.h">
      <Filter>File di intestazione</Filter>
    </ClInclude>
    <ClInclude Include="include\Lume\Logger.h">
      <Filter>File di intestazione</Filter>
    </ClInclude>
    <ClInclude Include="include\Lume\Random.h">
      <Filter>File di intestazione</Filter>
    </ClInclude>
    <ClInclude Include="include\Lume\Ray.h">
      <Filter>File di intestazione</Filter>
    </ClInclude>
    <ClInclude Include="include\Lume\Resource.h">
      <Filter>File di intestazione</Filter>
    </ClInclude>
    <ClInclude Include="include\Lume\ResourceManager.h">
      <Filter>File di intestazione</Filter>
    </ClInclude>
    <ClInclude Include="include\Lume\Sprite.h">
      <Filter>File di intestazione</Filter>
    </ClInclude>
    <ClInclude Include="include\Lume\stb_image.h">
      <Filter>File di intestazione</Filter>
    </ClInclude>
    <ClInclude Include="include\Lume\Texture.h">
      <Filter>File di intestazione</Filter>
    </ClInclude>
    <ClInclude Include="include\Lume\Utils.h">
      <Filter>File di intestazione</Filter>
    </ClInclude>
    <ClInclude Include="include\Lume\Window.h">
      <Filter>File di intestazione</Filter>
    </ClInclude>
    <ClInclude Include="include\Lume\World.h">
      <Filter>File di intestazione</Filter>
    </ClInclude>
    <ClInclude Include="include\Lume\Components\AnimationRenderer.h">
      <Filter>File di intestazione</Filter>
    </ClInclude>
    <ClInclude Include="include\Lume\Components\BoxCollider.h">
      <Filter>File di intestazione</Filter>
    </ClInclude>
    <ClInclude Include="include\Lume\Components\Collider.h">
      <Filter>File di intestazione</Filter>
    </ClInclude>
    <ClInclude Include="include\Lume\Components\Component.h">
      <Filter>File di intestazione</Filter>
    </ClInclude>
    <ClInclude Include="include\Lume\Components\ParticleEmitter.h">
      <Filter>File di intestazione</Filter>
    </ClInclude>
    <ClInclude Include="include\Lume\Components\PixelCollider.h">
      <Filter>File di intestazione</Filter>
    </ClInclude>
    <ClInclude Include="include\Lume\Components\SpriteRenderer.h">
      <Filter>File di intestazione</Filter>
    </ClInclude>
    <ClInclude Include="include\Lume\Components\Transform.h">
      <Filter>File di intestazione</Filter>
    </ClInclude>
    <ClInclude Include="include\Lume\glad\glad.h">
      <Filter>File di intestazione</Filter>
    </ClInclude>
    <ClInclude Include="include\Lume\KHR\khrplatform.h">
      <Filter>File di intestazione</Filter>
    </ClInclude>
    <ClInclude Include="include\Lume\Rendering\Camera.h">
      <Filter>File di intestazione</Filter>
    </ClInclude>
    <ClInclude Include="include\Lume\Rendering\ParticleSystem.h">
      <Filter>File di intestazione</Filter>
    </ClInclude>
    <ClInclude Include="include\Lume\Rendering\PostProcessing.h">
      <Filter>File di intestazione</Filter>
    </ClInclude>
    <ClInclude Include="include\Lume\Rendering\RenderContext.h">
      <Filter>File di intestazione</Filter>
    </ClInclude>
    <ClInclude Include="include\Lume\Rendering\Shader.h">
      <Filter>File di intestazione</Filter>
    </ClInclude>
  </ItemGroup>
  <ItemGroup>
    <ClCompile Include="src\Components\AnimationRenderer.cpp">
      <Filter>File di origine</Filter>
    </ClCompile>
    <ClCompile Include="src\Components\BoxCollider.cpp">
      <Filter>File di origine</Filter>
    </ClCompile>
    <ClCompile Include="src\Components\Component.cpp">
      <Filter>File di origine</Filter>
    </ClCompile>
    <ClCompile Include="src\Components\ParticleEmitter.cpp">
      <Filter>File di origine</Filter>
    </ClCompile>
    <ClCompile Include="src\Components\PixelCollider.cpp">
      <Filter>File di origine</Filter>
    </ClCompile>
    <ClCompile Include="src\Components\SpriteRenderer.cpp">
      <Filter>File di origine</Filter>
    </ClCompile>
    <ClCompile Include="src\Components\Transform.cpp">
      <Filter>File di origine</Filter>
    </ClCompile>
    <ClCompile Include="src\Rendering\Camera.cpp">
      <Filter>File di origine</Filter>
    </ClCompile>
    <ClCompile Include="src\Rendering\ParticleSystem.cpp">
      <Filter>File di origine</Filter>
    </ClCompile>
    <ClCompile Include="src\Rendering\PostProcessing.cpp">
      <Filter>File di origine</Filter>
    </ClCompile>
    <ClCompile Include="src\Rendering\Shader.cpp">
      <Filter>File di origine</Filter>
    </ClCompile>
    <ClCompile Include="src\Actor.cpp">
      <Filter>File di origine</Filter>
    </ClCompile>
    <ClCompile Include="src\CollisionSystem.cpp">
      <Filter>File di origine</Filter>
    </ClCompile>
    <ClCompile Include="src\glad.c">
      <Filter>File di origine</Filter>
    </ClCompile>
    <ClCompile Include="src\Input.cpp">
      <Filter>File di origine</Filter>
    </ClCompile>
    <ClCompile Include="src\Logger.cpp">
      <Filter>File di origine</Filter>
    </ClCompile>
    <ClCompile Include="src\Random.cpp">
      <Filter>File di origine</Filter>
    </ClCompile>
    <ClCompile Include="src\ResourceManager.cpp">
      <Filter>File di origine</Filter>
    </ClCompile>
    <ClCompile Include="src\Sprite.cpp">
      <Filter>File di origine</Filter>
    </ClCompile>
    <ClCompile Include="src\Texture.cpp">
      <Filter>File di origine</Filter>
    </ClCompile>
    <ClCompile Include="src\Window.cpp">
      <Filter>File di origine</Filter>
    </ClCompile>
    <ClCompile Include="src\World.cpp">
      <Filter>File di origine</Filter>
    </ClCompile>
  </ItemGroup>
  <ItemGroup>
    <None Include="Lume.slnx" />
  </ItemGroup>
</Project>